{
    __meta__ = {
        version = "1.0"
    },
    ["windows|x64"] = {
        ["cmake#f56260b5"] = {
            repo = {
                branch = "master",
                commit = "84eac85f8e5f0a00a72f426b486983a62612bb97",
                url = "https://gitlab.com/tboox/xmake-repo.git"
            },
            version = "3.30.5"
        },
        ["ninja#f56260b5"] = {
            repo = {
                branch = "master",
                commit = "84eac85f8e5f0a00a72f426b486983a62612bb97",
                url = "https://gitlab.com/tboox/xmake-repo.git"
            },
            version = "1.12.1"
        },
        ["safetyhook#f56260b5"] = {
            repo = {
                branch = "master",
                commit = "8917c2f7818847fead2be9b3b6f77d90d97323f3",
                url = "https://github.com/xmake-io/xmake-repo.git"
            },
            version = "v0.6.9"
        },
        ["simpleini#f56260b5"] = {
            repo = {
                branch = "master",
                commit = "8917c2f7818847fead2be9b3b6f77d90d97323f3",
                url = "https://github.com/xmake-io/xmake-repo.git"
            },
            version = "v4.25"
        },
        ["zycore-c v1.5.0#f56260b5"] = {
            repo = {
                branch = "master",
                commit = "8917c2f7818847fead2be9b3b6f77d90d97323f3",
                url = "https://github.com/xmake-io/xmake-repo.git"
            },
            version = "v1.5.0"
        },
        ["zydis 4.1.0#f56260b5"] = {
            repo = {
                branch = "master",
                commit = "8917c2f7818847fead2be9b3b6f77d90d97323f3",
                url = "https://github.com/xmake-io/xmake-repo.git"
            },
            version = "v4.1.0"
        }
    }
}